// !$*UTF8*$!
{
	archiveVersion = 1;
	classes = {
	};
	objectVersion = 46;
	objects = {

/* Begin PBXBuildFile section */
		11B0E6FB1CD8B078008BF02D /* main.m in Sources */ = {isa = PBXBuildFile; fileRef = 11B0E6FA1CD8B078008BF02D /* main.m */; };
		11B0E6FE1CD8B078008BF02D /* AppDelegate.m in Sources */ = {isa = PBXBuildFile; fileRef = 11B0E6FD1CD8B078008BF02D /* AppDelegate.m */; };
		11B0E7011CD8B078008BF02D /* ViewController.m in Sources */ = {isa = PBXBuildFile; fileRef = 11B0E7001CD8B078008BF02D /* ViewController.m */; };
		11B0E7041CD8B078008BF02D /* Main.storyboard in Resources */ = {isa = PBXBuildFile; fileRef = 11B0E7021CD8B078008BF02D /* Main.storyboard */; };
		11B0E7061CD8B078008BF02D /* Assets.xcassets in Resources */ = {isa = PBXBuildFile; fileRef = 11B0E7051CD8B078008BF02D /* Assets.xcassets */; };
		11B0E7091CD8B078008BF02D /* LaunchScreen.storyboard in Resources */ = {isa = PBXBuildFile; fileRef = 11B0E7071CD8B078008BF02D /* LaunchScreen.storyboard */; };
/* End PBXBuildFile section */

/* Begin PBXFileReference section */
		11B0E6F61CD8B078008BF02D /* ImageReview.app */ = {isa = PBXFileReference; explicitFileType = wrapper.application; includeInIndex = 0; path = ImageReview.app; sourceTree = BUILT_PRODUCTS_DIR; };
		11B0E6FA1CD8B078008BF02D /* main.m */ = {isa = PBXFileReference; lastKnownFileType = sourcecode.c.objc; path = main.m; sourceTree = "<group>"; };
		11B0E6FC1CD8B078008BF02D /* AppDelegate.h */ = {isa = PBXFileReference; lastKnownFileType = sourcecode.c.h; path = AppDelegate.h; sourceTree = "<group>"; };
		11B0E6FD1CD8B078008BF02D /* AppDelegate.m */ = {isa = PBXFileReference; lastKnownFileType = sourcecode.c.objc; path = AppDelegate.m; sourceTree = "<group>"; };
		11B0E6FF1CD8B078008BF02D /* ViewController.h */ = {isa = PBXFileReference; lastKnownFileType = sourcecode.c.h; path = ViewController.h; sourceTree = "<group>"; };
		11B0E7001CD8B078008BF02D /* ViewController.m */ = {isa = PBXFileReference; lastKnownFileType = sourcecode.c.objc; path = ViewController.m; sourceTree = "<group>"; };
		11B0E7031CD8B078008BF02D /* Base */ = {isa = PBXFileReference; lastKnownFileType = file.storyboard; name = Base; path = Base.lproj/Main.storyboard; sourceTree = "<group>"; };
		11B0E7051CD8B078008BF02D /* Assets.xcassets */ = {isa = PBXFileReference; lastKnownFileType = folder.assetcatalog; path = Assets.xcassets; sourceTree = "<group>"; };
		11B0E7081CD8B078008BF02D /* Base */ = {isa = PBXFileReference; lastKnownFileType = file.storyboard; name = Base; path = Base.lproj/LaunchScreen.storyboard; sourceTree = "<group>"; };
		11B0E70A1CD8B078008BF02D /* Info.plist */ = {isa = PBXFileReference; lastKnownFileType = text.plist.xml; path = Info.plist; sourceTree = "<group>"; };
/* End PBXFileReference section */

/* Begin PBXFrameworksBuildPhase section */
		11B0E6F31CD8B078008BF02D /* Frameworks */ = {
			isa = PBXFrameworksBuildPhase;
			buildActionMask = 2147483647;
			files = (
			);
			runOnlyForDeploymentPostprocessing = 0;
		};
/* End PBXFrameworksBuildPhase section */

/* Begin PBXGroup section */
		11B0E6ED1CD8B078008BF02D = {
			isa = PBXGroup;
			children = (
				11B0E6F81CD8B078008BF02D /* ImageReview */,
				11B0E6F71CD8B078008BF02D /* Products */,
			);
			sourceTree = "<group>";
		};
		11B0E6F71CD8B078008BF02D /* Products */ = {
			isa = PBXGroup;
			children = (
				11B0E6F61CD8B078008BF02D /* ImageReview.app */,
			);
			name = Products;
			sourceTree = "<group>";
		};
		11B0E6F81CD8B078008BF02D /* ImageReview */ = {
			isa = PBXGroup;
			children = (
				11B0E6FC1CD8B078008BF02D /* AppDelegate.h */,
				11B0E6FD1CD8B078008BF02D /* AppDelegate.m */,
				11B0E6FF1CD8B078008BF02D /* ViewController.h */,
				11B0E7001CD8B078008BF02D /* ViewController.m */,
				11B0E7021CD8B078008BF02D /* Main.storyboard */,
				11B0E7051CD8B078008BF02D /* Assets.xcassets */,
				11B0E7071CD8B078008BF02D /* LaunchScreen.storyboard */,
				11B0E70A1CD8B078008BF02D /* Info.plist */,
				11B0E6F91CD8B078008BF02D /* Supporting Files */,
			);
			path = ImageReview;
			sourceTree = "<group>";
		};
		11B0E6F91CD8B078008BF02D /* Supporting Files */ = {
			isa = PBXGroup;
			children = (
				11B0E6FA1CD8B078008BF02D /* main.m */,
			);
			name = "Supporting Files";
			sourceTree = "<group>";
		};
/* End PBXGroup section */

/* Begin PBXNativeTarget section */
		11B0E6F51CD8B078008BF02D /* ImageReview */ = {
			isa = PBXNativeTarget;
			buildConfigurationList = 11B0E70D1CD8B078008BF02D /* Build configuration list for PBXNativeTarget "ImageReview" */;
			buildPhases = (
				11B0E6F21CD8B078008BF02D /* Sources */,
				11B0E6F31CD8B078008BF02D /* Frameworks */,
				11B0E6F41CD8B078008BF02D /* Resources */,
			);
			buildRules = (
			);
			dependencies = (
			);
			name = ImageReview;
			productName = ImageReview;
			productReference = 11B0E6F61CD8B078008BF02D /* ImageReview.app */;
			productType = "com.apple.product-type.application";
		};
/* End PBXNativeTarget section */

/* Begin PBXProject section */
		11B0E6EE1CD8B078008BF02D /* Project object */ = {
			isa = PBXProject;
			attributes = {
				LastUpgradeCheck = 0730;
				ORGANIZATIONNAME = owen;
				TargetAttributes = {
					11B0E6F51CD8B078008BF02D = {
						CreatedOnToolsVersion = 7.3;
					};
				};
			};
			buildConfigurationList = 11B0E6F11CD8B078008BF02D /* Build configuration list for PBXProject "ImageReview" */;
			compatibilityVersion = "Xcode 3.2";
			developmentRegion = English;
			hasScannedForEncodings = 0;
			knownRegions = (
				en,
				Base,
			);
			mainGroup = 11B0E6ED1CD8B078008BF02D;
			productRefGroup = 11B0E6F71CD8B078008BF02D /* Products */;
			projectDirPath = "";
			projectRoot = "";
			targets = (
				11B0E6F51CD8B078008BF02D /* ImageReview */,
			);
		};
/* End PBXProject section */

/* Begin PBXResourcesBuildPhase section */
		11B0E6F41CD8B078008BF02D /* Resources */ = {
			isa = PBXResourcesBuildPhase;
			buildActionMask = 2147483647;
			files = (
				11B0E7091CD8B078008BF02D /* LaunchScreen.storyboard in Resources */,
				11B0E7061CD8B078008BF02D /* Assets.xcassets in Resources */,
				11B0E7041CD8B078008BF02D /* Main.storyboard in Resources */,
			);
			runOnlyForDeploymentPostprocessing = 0;
		};
/* End PBXResourcesBuildPhase section */

/* Begin PBXSourcesBuildPhase section */
		11B0E6F21CD8B078008BF02D /* Sources */ = {
			isa = PBXSourcesBuildPhase;
			buildActionMask = 2147483647;
			files = (
				11B0E7011CD8B078008BF02D /* ViewController.m in Sources */,
				11B0E6FE1CD8B078008BF02D /* AppDelegate.m in Sources */,
				11B0E6FB1CD8B078008BF02D /* main.m in Sources */,
			);
			runOnlyForDeploymentPostprocessing = 0;
		};
/* End PBXSourcesBuildPhase section */

/* Begin PBXVariantGroup section */
		11B0E7021CD8B078008BF02D /* Main.storyboard */ = {
			isa = PBXVariantGroup;
			children = (
				11B0E7031CD8B078008BF02D /* Base */,
			);
			name = Main.storyboard;
			sourceTree = "<group>";
		};
		11B0E7071CD8B078008BF02D /* LaunchScreen.storyboard */ = {
			isa = PBXVariantGroup;
			children = (
				11B0E7081CD8B078008BF02D /* Base */,
			);
			name = LaunchScreen.storyboard;
			sourceTree = "<group>";
		};
/* End PBXVariantGroup section */

/* Begin XCBuildConfiguration section */
		11B0E70B1CD8B078008BF02D /* Debug */ = {
			isa = XCBuildConfiguration;
			buildSettings = {
				ALWAYS_SEARCH_USER_PATHS = NO;
				CLANG_ANALYZER_NONNULL = YES;
				CLANG_CXX_LANGUAGE_STANDARD = "gnu++0x";
				CLANG_CXX_LIBRARY = "libc++";
				CLANG_ENABLE_MODULES = YES;
				CLANG_ENABLE_OBJC_ARC = YES;
				CLANG_WARN_BOOL_CONVERSION = YES;
				CLANG_WARN_CONSTANT_CONVERSION = YES;
				CLANG_WARN_DIRECT_OBJC_ISA_USAGE = YES_ERROR;
				CLANG_WARN_EMPTY_BODY = YES;
				CLANG_WARN_ENUM_CONVERSION = YES;
				CLANG_WARN_INT_CONVERSION = YES;
				CLANG_WARN_OBJC_ROOT_CLASS = YES_ERROR;
				CLANG_WARN_UNREACHABLE_CODE = YES;
				CLANG_WARN__DUPLICATE_METHOD_MATCH = YES;
				"CODE_SIGN_IDENTITY[sdk=iphoneos*]" = "iPhone Developer";
				COPY_PHASE_STRIP = NO;
				DEBUG_INFORMATION_FORMAT = dwarf;
				ENABLE_STRICT_OBJC_MSGSEND = YES;
				ENABLE_TESTABILITY = YES;
				GCC_C_LANGUAGE_STANDARD = gnu99;
				GCC_DYNAMIC_NO_PIC = NO;
				GCC_NO_COMMON_BLOCKS = YES;
				GCC_OPTIMIZATION_LEVEL = 0;
				GCC_PREPROCESSOR_DEFINITIONS = (
					"DEBUG=1",
					"$(inherited)",
				);
				GCC_WARN_64_TO_32_BIT_CONVERSION = YES;
				GCC_WARN_ABOUT_RETURN_TYPE = YES_ERROR;
				GCC_WARN_UNDECLARED_SELECTOR = YES;
				GCC_WARN_UNINITIALIZED_AUTOS = YES_AGGRESSIVE;
				GCC_WARN_UNUSED_FUNCTION = YES;
				GCC_WARN_UNUSED_VARIABLE = YES;
				IPHONEOS_DEPLOYMENT_TARGET = 9.3;
				MTL_ENABLE_DEBUG_INFO = YES;
				ONLY_ACTIVE_ARCH = YES;
				SDKROOT = iphoneos;
				TARGETED_DEVICE_FAMILY = "1,2";
			};
			name = Debug;
		};
		11B0E70C1CD8B078008BF02D /* Release */ = {
			isa = XCBuildConfiguration;
			buildSettings = {
				ALWAYS_SEARCH_USER_PATHS = NO;
				CLANG_ANALYZER_NONNULL = YES;
				CLANG_CXX_LANGUAGE_STANDARD = "gnu++0x";
				CLANG_CXX_LIBRARY = "libc++";
				CLANG_ENABLE_MODULES = YES;
				CLANG_ENABLE_OBJC_ARC = YES;
				CLANG_WARN_BOOL_CONVERSION = YES;
				CLANG_WARN_CONSTANT_CONVERSION = YES;
				CLANG_WARN_DIRECT_OBJC_ISA_USAGE = YES_ERROR;
				CLANG_WARN_EMPTY_BODY = YES;
				CLANG_WARN_ENUM_CONVERSION = YES;
				CLANG_WARN_INT_CONVERSION = YES;
				CLANG_WARN_OBJC_ROOT_CLASS = YES_ERROR;
				CLANG_WARN_UNREACHABLE_CODE = YES;
				CLANG_WARN__DUPLICATE_METHOD_MATCH = YES;
				"CODE_SIGN_IDENTITY[sdk=iphoneos*]" = "iPhone Developer";
				COPY_PHASE_STRIP = NO;
				DEBUG_INFORMATION_FORMAT = "dwarf-with-dsym";
				ENABLE_NS_ASSERTIONS = NO;
				ENABLE_STRICT_OBJC_MSGSEND = YES;
				GCC_C_LANGUAGE_STANDARD = gnu99;
				GCC_NO_COMMON_BLOCKS = YES;
				GCC_WARN_64_TO_32_BIT_CONVERSION = YES;
				GCC_WARN_ABOUT_RETURN_TYPE = YES_ERROR;
				GCC_WARN_UNDECLARED_SELECTOR = YES;
				GCC_WARN_UNINITIALIZED_AUTOS = YES_AGGRESSIVE;
				GCC_WARN_UNUSED_FUNCTION = YES;
				GCC_WARN_UNUSED_VARIABLE = YES;
				IPHONEOS_DEPLOYMENT_TARGET = 9.3;
				MTL_ENABLE_DEBUG_INFO = NO;
				SDKROOT = iphoneos;
				TARGETED_DEVICE_FAMILY = "1,2";
				VALIDATE_PRODUCT = YES;
			};
			name = Release;
		};
		11B0E70E1CD8B078008BF02D /* Debug */ = {
			isa = XCBuildConfiguration;
			buildSettings = {
				ASSETCATALOG_COMPILER_APPICON_NAME = AppIcon;
				INFOPLIST_FILE = ImageReview/Info.plist;
				LD_RUNPATH_SEARCH_PATHS = "$(inherited) @executable_path/Frameworks";
				PRODUCT_BUNDLE_IDENTIFIER = com.yaoyaobar.ecup.ImageReview;
				PRODUCT_NAME = "$(TARGET_NAME)";
			};
			name = Debug;
		};
		11B0E70F1CD8B078008BF02D /* Release */ = {
			isa = XCBuildConfiguration;
			buildSettings = {
				ASSETCATALOG_COMPILER_APPICON_NAME = AppIcon;
				INFOPLIST_FILE = ImageReview/Info.plist;
				LD_RUNPATH_SEARCH_PATHS = "$(inherited) @executable_path/Frameworks";
				PRODUCT_BUNDLE_IDENTIFIER = com.yaoyaobar.ecup.ImageReview;
				PRODUCT_NAME = "$(TARGET_NAME)";
			};
			name = Release;
		};
/* End XCBuildConfiguration section */

/* Begin XCConfigurationList section */
		11B0E6F11CD8B078008BF02D /* Build configuration list for PBXProject "ImageReview" */ = {
			isa = XCConfigurationList;
			buildConfigurations = (
				11B0E70B1CD8B078008BF02D /* Debug */,
				11B0E70C1CD8B078008BF02D /* Release */,
			);
			defaultConfigurationIsVisible = 0;
			defaultConfigurationName = Release;
		};
		11B0E70D1CD8B078008BF02D /* Build configuration list for PBXNativeTarget "ImageReview" */ = {
			isa = XCConfigurationList;
			buildConfigurations = (
				11B0E70E1CD8B078008BF02D /* Debug */,
				11B0E70F1CD8B078008BF02D /* Release */,
			);
			defaultConfigurationIsVisible = 0;
		};
/* End XCConfigurationList section */
	};
	rootObject = 11B0E6EE1CD8B078008BF02D /* Project object */;
}
